
Microsoft Visual Studio Solution File, Format Version 12.00
# Visual Studio 15
VisualStudioVersion = 15.0.28307.539
MinimumVisualStudioVersion = 10.0.40219.1
Project("{FAE04EC0-301F-11D3-BF4B-00C04F79EFBC}") = "Morganizer", "Morganizer.csproj", "{E12F69CB-6183-4D3F-A093-1FC9443F248D}"
EndProject
Global
	GlobalSection(SolutionConfigurationPlatforms) = preSolution
		Debug|Any CPU = Debug|Any CPU
		Release|Any CPU = Release|Any CPU
	EndGlobalSection
	GlobalSection(ProjectConfigurationPlatforms) = postSolution
		{E12F69CB-6183-4D3F-A093-1FC9443F248D}.Debug|Any CPU.ActiveCfg = Debug|Any CPU
		{E12F69CB-6183-4D3F-A093-1FC9443F248D}.Debug|Any CPU.Build.0 = Debug|Any CPU
		{E12F69CB-6183-4D3F-A093-1FC9443F248D}.Release|Any CPU.ActiveCfg = Release|Any CPU
		{E12F69CB-6183-4D3F-A093-1FC9443F248D}.Release|Any CPU.Build.0 = Release|Any CPU
	EndGlobalSection
	GlobalSection(SolutionProperties) = preSolution
		HideSolutionNode = FALSE
	EndGlobalSection
	GlobalSection(ExtensibilityGlobals) = postSolution
		SolutionGuid = {A6A21C97-2154-4DE7-A111-BCC55C0756E3}
	EndGlobalSection
EndGlobal
